
Microsoft Visual Studio Solution File, Format Version 12.00
# Visual Studio 14
VisualStudioVersion = 14.0.25420.1
MinimumVisualStudioVersion = 10.0.40219.1
Project("{8BC9CEB8-8B4A-11D0-8D11-00A0C91BC942}") = "1", "1\1.vcxproj", "{A226006C-E739-49CF-93E5-16B602A716C3}"
EndProject
Project("{8BC9CEB8-8B4A-11D0-8D11-00A0C91BC942}") = "2", "2\2.vcxproj", "{56397B95-27C5-4F99-9942-5DBCC558A35A}"
EndProject
Project("{8BC9CEB8-8B4A-11D0-8D11-00A0C91BC942}") = "3", "3\3.vcxproj", "{C4805D6D-A0A8-4218-B7CF-CFBCF6104608}"
EndProject
Project("{8BC9CEB8-8B4A-11D0-8D11-00A0C91BC942}") = "7", "7\7.vcxproj", "{185B5A9A-29E8-4D91-AD0E-D47C00A0924F}"
EndProject
Project("{8BC9CEB8-8B4A-11D0-8D11-00A0C91BC942}") = "15", "15\15.vcxproj", "{3DE4B9D7-80D3-497C-BB5F-7E03A0545419}"
EndProject
Project("{8BC9CEB8-8B4A-11D0-8D11-00A0C91BC942}") = "14", "14\14.vcxproj", "{C7A11771-5813-4A5C-8146-53A7821E0AAC}"
EndProject
Project("{8BC9CEB8-8B4A-11D0-8D11-00A0C91BC942}") = "10512", "10512\10512.vcxproj", "{A4329214-1E0B-43DD-82B2-9261AE25ADC5}"
EndProject
Project("{8BC9CEB8-8B4A-11D0-8D11-00A0C91BC942}") = "16", "16\Jisuanke.vcxproj", "{9DF038E4-D459-4302-A6F9-9F05A8607E0E}"
EndProject
Global
	GlobalSection(SolutionConfigurationPlatforms) = preSolution
		Debug|x64 = Debug|x64
		Debug|x86 = Debug|x86
		Release|x64 = Release|x64
		Release|x86 = Release|x86
	EndGlobalSection
	GlobalSection(ProjectConfigurationPlatforms) = postSolution
		{A226006C-E739-49CF-93E5-16B602A716C3}.Debug|x64.ActiveCfg = Debug|x64
		{A226006C-E739-49CF-93E5-16B602A716C3}.Debug|x64.Build.0 = Debug|x64
		{A226006C-E739-49CF-93E5-16B602A716C3}.Debug|x86.ActiveCfg = Debug|Win32
		{A226006C-E739-49CF-93E5-16B602A716C3}.Debug|x86.Build.0 = Debug|Win32
		{A226006C-E739-49CF-93E5-16B602A716C3}.Release|x64.ActiveCfg = Release|x64
		{A226006C-E739-49CF-93E5-16B602A716C3}.Release|x64.Build.0 = Release|x64
		{A226006C-E739-49CF-93E5-16B602A716C3}.Release|x86.ActiveCfg = Release|Win32
		{A226006C-E739-49CF-93E5-16B602A716C3}.Release|x86.Build.0 = Release|Win32
		{56397B95-27C5-4F99-9942-5DBCC558A35A}.Debug|x64.ActiveCfg = Debug|x64
		{56397B95-27C5-4F99-9942-5DBCC558A35A}.Debug|x64.Build.0 = Debug|x64
		{56397B95-27C5-4F99-9942-5DBCC558A35A}.Debug|x86.ActiveCfg = Debug|Win32
		{56397B95-27C5-4F99-9942-5DBCC558A35A}.Debug|x86.Build.0 = Debug|Win32
		{56397B95-27C5-4F99-9942-5DBCC558A35A}.Release|x64.ActiveCfg = Release|x64
		{56397B95-27C5-4F99-9942-5DBCC558A35A}.Release|x64.Build.0 = Release|x64
		{56397B95-27C5-4F99-9942-5DBCC558A35A}.Release|x86.ActiveCfg = Release|Win32
		{56397B95-27C5-4F99-9942-5DBCC558A35A}.Release|x86.Build.0 = Release|Win32
		{C4805D6D-A0A8-4218-B7CF-CFBCF6104608}.Debug|x64.ActiveCfg = Debug|x64
		{C4805D6D-A0A8-4218-B7CF-CFBCF6104608}.Debug|x64.Build.0 = Debug|x64
		{C4805D6D-A0A8-4218-B7CF-CFBCF6104608}.Debug|x86.ActiveCfg = Debug|Win32
		{C4805D6D-A0A8-4218-B7CF-CFBCF6104608}.Debug|x86.Build.0 = Debug|Win32
		{C4805D6D-A0A8-4218-B7CF-CFBCF6104608}.Release|x64.ActiveCfg = Release|x64
		{C4805D6D-A0A8-4218-B7CF-CFBCF6104608}.Release|x64.Build.0 = Release|x64
		{C4805D6D-A0A8-4218-B7CF-CFBCF6104608}.Release|x86.ActiveCfg = Release|Win32
		{C4805D6D-A0A8-4218-B7CF-CFBCF6104608}.Release|x86.Build.0 = Release|Win32
		{185B5A9A-29E8-4D91-AD0E-D47C00A0924F}.Debug|x64.ActiveCfg = Debug|x64
		{185B5A9A-29E8-4D91-AD0E-D47C00A0924F}.Debug|x64.Build.0 = Debug|x64
		{185B5A9A-29E8-4D91-AD0E-D47C00A0924F}.Debug|x86.ActiveCfg = Debug|Win32
		{185B5A9A-29E8-4D91-AD0E-D47C00A0924F}.Debug|x86.Build.0 = Debug|Win32
		{185B5A9A-29E8-4D91-AD0E-D47C00A0924F}.Release|x64.ActiveCfg = Release|x64
		{185B5A9A-29E8-4D91-AD0E-D47C00A0924F}.Release|x64.Build.0 = Release|x64
		{185B5A9A-29E8-4D91-AD0E-D47C00A0924F}.Release|x86.ActiveCfg = Release|Win32
		{185B5A9A-29E8-4D91-AD0E-D47C00A0924F}.Release|x86.Build.0 = Release|Win32
		{3DE4B9D7-80D3-497C-BB5F-7E03A0545419}.Debug|x64.ActiveCfg = Debug|x64
		{3DE4B9D7-80D3-497C-BB5F-7E03A0545419}.Debug|x64.Build.0 = Debug|x64
		{3DE4B9D7-80D3-497C-BB5F-7E03A0545419}.Debug|x86.ActiveCfg = Debug|Win32
		{3DE4B9D7-80D3-497C-BB5F-7E03A0545419}.Debug|x86.Build.0 = Debug|Win32
		{3DE4B9D7-80D3-497C-BB5F-7E03A0545419}.Release|x64.ActiveCfg = Release|x64
		{3DE4B9D7-80D3-497C-BB5F-7E03A0545419}.Release|x64.Build.0 = Release|x64
		{3DE4B9D7-80D3-497C-BB5F-7E03A0545419}.Release|x86.ActiveCfg = Release|Win32
		{3DE4B9D7-80D3-497C-BB5F-7E03A0545419}.Release|x86.Build.0 = Release|Win32
		{C7A11771-5813-4A5C-8146-53A7821E0AAC}.Debug|x64.ActiveCfg = Debug|x64
		{C7A11771-5813-4A5C-8146-53A7821E0AAC}.Debug|x64.Build.0 = Debug|x64
		{C7A11771-5813-4A5C-8146-53A7821E0AAC}.Debug|x86.ActiveCfg = Debug|Win32
		{C7A11771-5813-4A5C-8146-53A7821E0AAC}.Debug|x86.Build.0 = Debug|Win32
		{C7A11771-5813-4A5C-8146-53A7821E0AAC}.Release|x64.ActiveCfg = Release|x64
		{C7A11771-5813-4A5C-8146-53A7821E0AAC}.Release|x64.Build.0 = Release|x64
		{C7A11771-5813-4A5C-8146-53A7821E0AAC}.Release|x86.ActiveCfg = Release|Win32
		{C7A11771-5813-4A5C-8146-53A7821E0AAC}.Release|x86.Build.0 = Release|Win32
		{A4329214-1E0B-43DD-82B2-9261AE25ADC5}.Debug|x64.ActiveCfg = Debug|x64
		{A4329214-1E0B-43DD-82B2-9261AE25ADC5}.Debug|x64.Build.0 = Debug|x64
		{A4329214-1E0B-43DD-82B2-9261AE25ADC5}.Debug|x86.ActiveCfg = Debug|Win32
		{A4329214-1E0B-43DD-82B2-9261AE25ADC5}.Debug|x86.Build.0 = Debug|Win32
		{A4329214-1E0B-43DD-82B2-9261AE25ADC5}.Release|x64.ActiveCfg = Release|x64
		{A4329214-1E0B-43DD-82B2-9261AE25ADC5}.Release|x64.Build.0 = Release|x64
		{A4329214-1E0B-43DD-82B2-9261AE25ADC5}.Release|x86.ActiveCfg = Release|Win32
		{A4329214-1E0B-43DD-82B2-9261AE25ADC5}.Release|x86.Build.0 = Release|Win32
		{9DF038E4-D459-4302-A6F9-9F05A8607E0E}.Debug|x64.ActiveCfg = Debug|x64
		{9DF038E4-D459-4302-A6F9-9F05A8607E0E}.Debug|x64.Build.0 = Debug|x64
		{9DF038E4-D459-4302-A6F9-9F05A8607E0E}.Debug|x86.ActiveCfg = Debug|Win32
		{9DF038E4-D459-4302-A6F9-9F05A8607E0E}.Debug|x86.Build.0 = Debug|Win32
		{9DF038E4-D459-4302-A6F9-9F05A8607E0E}.Release|x64.ActiveCfg = Release|x64
		{9DF038E4-D459-4302-A6F9-9F05A8607E0E}.Release|x64.Build.0 = Release|x64
		{9DF038E4-D459-4302-A6F9-9F05A8607E0E}.Release|x86.ActiveCfg = Release|Win32
		{9DF038E4-D459-4302-A6F9-9F05A8607E0E}.Release|x86.Build.0 = Release|Win32
	EndGlobalSection
	GlobalSection(SolutionProperties) = preSolution
		HideSolutionNode = FALSE
	EndGlobalSection
EndGlobal
